dependencies:
  espressif/cmake_utilities:
    component_hash: 351350613ceafba240b761b4ea991e0f231ac7a9f59a9ee901f751bddc0bb18f
    dependencies:
    - name: idf
      require: private
      version: '>=4.1'
    source:
      registry_url: https://components.espressif.com/
      type: service
    version: 0.5.3
  idf:
    source:
      type: idf
    version: 5.5.2
  kevincoooool/esp_lcd_st7305:
    dependencies: []
    source:
      path: C:\Users\Kirl\Documents\ESP-IDF_Project\st7305port\components\kevincoooool__esp_lcd_st7305
      type: local
    version: 0.0.2
direct_dependencies:
- espressif/cmake_utilities
- idf
- kevincoooool/esp_lcd_st7305
manifest_hash: 00c85dc7259ec283203ec9a01e000ea6a082efdf6c27e79e1a5b73384002a2d7
target: esp32c3
version: 2.0.0
